
Microsoft Visual Studio Solution File, Format Version 12.00
# Visual Studio 15
VisualStudioVersion = 15.0.27130.2024
MinimumVisualStudioVersion = 10.0.40219.1
Project("{2150E333-8FDC-42A3-9474-1A3956D46DE8}") = "Feature", "Feature", "{2BFD7FF4-5AAE-495B-B5A6-528011E6834D}"
EndProject
Project("{2150E333-8FDC-42A3-9474-1A3956D46DE8}") = "Foundation", "Foundation", "{FB68DD27-717D-444C-A48C-10EB1F3C4521}"
EndProject
Project("{2150E333-8FDC-42A3-9474-1A3956D46DE8}") = "Project", "Project", "{B96DE32E-5D4E-4960-A008-BCE603477D10}"
EndProject
Project("{2150E333-8FDC-42A3-9474-1A3956D46DE8}") = "Configuration", "Configuration", "{5697E18F-1B18-464B-876A-F36A9C092387}"
	ProjectSection(SolutionItems) = preProject
		GlobalAssemblyInfo.cs = GlobalAssemblyInfo.cs
		gulp-config.js = gulp-config.js
		gulpfile.js = gulpfile.js
		package.json = package.json
		publishsettings.targets = publishsettings.targets
	EndProjectSection
EndProject
Project("{2150E333-8FDC-42A3-9474-1A3956D46DE8}") = "ProductsSearch", "ProductsSearch", "{B6FE30FE-DB8A-4147-920F-9AF3FB4B32CA}"
EndProject
Project("{FAE04EC0-301F-11D3-BF4B-00C04F79EFBC}") = "SitecoreCoffee.Foundation.ProductsSearch", "src\Foundation\ProductsSearch\code\SitecoreCoffee.Foundation.ProductsSearch.csproj", "{E4AF9230-D79B-46B5-8656-43ED1986E1EA}"
EndProject
Project("{2150E333-8FDC-42A3-9474-1A3956D46DE8}") = "SitecoreCoffee", "SitecoreCoffee", "{BAD9B43B-1E9B-42DE-BF9D-4EC49C553427}"
EndProject
Project("{FAE04EC0-301F-11D3-BF4B-00C04F79EFBC}") = "SitecoreCoffee.Project.SitecoreCoffee", "src\Project\SitecoreCoffee\code\SitecoreCoffee.Project.SitecoreCoffee.csproj", "{50C12BEC-D68A-4E17-8C2E-E3BB2CDE806F}"
EndProject
Project("{2150E333-8FDC-42A3-9474-1A3956D46DE8}") = "scripts", "scripts", "{24DAC2FA-57EF-4E25-A815-E1B8815A1A3F}"
	ProjectSection(SolutionItems) = preProject
		scripts\sitecorecoffee.js = scripts\sitecorecoffee.js
		scripts\unicorn.js = scripts\unicorn.js
	EndProjectSection
EndProject
Project("{2150E333-8FDC-42A3-9474-1A3956D46DE8}") = "RemoteEvents", "RemoteEvents", "{2E28E3A6-C1F1-4A6B-A642-C109D30FA253}"
EndProject
Project("{FAE04EC0-301F-11D3-BF4B-00C04F79EFBC}") = "SitecoreCoffee.Foundation.RemoteEvents", "src\Foundation\RemoteEvents\code\SitecoreCoffee.Foundation.RemoteEvents.csproj", "{DD739713-B8AC-44BD-8EE9-5F9D0D6B4ADB}"
EndProject
Project("{2150E333-8FDC-42A3-9474-1A3956D46DE8}") = "ApiIntegration", "ApiIntegration", "{C1DD37FD-92D0-4A61-AE70-2E0816605793}"
EndProject
Project("{FAE04EC0-301F-11D3-BF4B-00C04F79EFBC}") = "SitecoreCoffee.Feature.ApiIntegration", "src\Feature\ApiIntegration\code\SitecoreCoffee.Feature.ApiIntegration.csproj", "{2F2E2BBF-368E-448D-8708-20195884443F}"
EndProject
Project("{2150E333-8FDC-42A3-9474-1A3956D46DE8}") = "Search", "Search", "{674C188E-2E73-46FD-AB84-607FA3F5C46F}"
EndProject
Project("{2150E333-8FDC-42A3-9474-1A3956D46DE8}") = "Banners", "Banners", "{D1A9F4E4-D16C-4EFF-8900-29FFE174D723}"
EndProject
Project("{FAE04EC0-301F-11D3-BF4B-00C04F79EFBC}") = "SitecoreCoffee.Foundation.Search", "src\Foundation\Search\code\SitecoreCoffee.Foundation.Search.csproj", "{FA2DF57B-607A-4C25-B18A-5E8BFD4BA885}"
EndProject
Project("{FAE04EC0-301F-11D3-BF4B-00C04F79EFBC}") = "SitecoreCoffee.Feature.Banners", "src\Feature\Banners\code\SitecoreCoffee.Feature.Banners.csproj", "{C0F5B45C-CC84-40C5-8902-747A5EE6AA91}"
EndProject
Project("{FAE04EC0-301F-11D3-BF4B-00C04F79EFBC}") = "SitecoreCoffee.Foundation.Search.Tests", "src\Foundation\Search\tests\SitecoreCoffee.Foundation.Search.Tests.csproj", "{B86A9D6C-5F3C-43D8-A3E9-29737A55A11D}"
EndProject
Project("{2150E333-8FDC-42A3-9474-1A3956D46DE8}") = "Common", "Common", "{BF3E48EB-3AC2-4FA0-9362-77471456D63D}"
EndProject
Project("{FAE04EC0-301F-11D3-BF4B-00C04F79EFBC}") = "SitecoreCoffee.Project.Common", "src\Project\Common\code\SitecoreCoffee.Project.Common.csproj", "{1EBAAF4C-07D3-4024-9D42-8597412CEAFD}"
EndProject
Project("{2150E333-8FDC-42A3-9474-1A3956D46DE8}") = "Commerce", "Commerce", "{A3023AD8-96DD-4682-84B3-745FE5CF3997}"
EndProject
Project("{FAE04EC0-301F-11D3-BF4B-00C04F79EFBC}") = "SitecoreCoffee.Feature.Commerce", "src\Feature\Commerce\code\SitecoreCoffee.Feature.Commerce.csproj", "{0345FB4E-11E2-4067-88E6-6941300EE4E6}"
EndProject
Project("{2150E333-8FDC-42A3-9474-1A3956D46DE8}") = "Serialization", "Serialization", "{A181EA63-3FD3-4817-9CD1-461C9BFA94BA}"
EndProject
Project("{FAE04EC0-301F-11D3-BF4B-00C04F79EFBC}") = "SitecoreCoffee.Foundation.Serialization", "src\Foundation\Serialization\code\SitecoreCoffee.Foundation.Serialization.csproj", "{908C05ED-00A6-4C35-9D0F-BE6A1EE459A0}"
EndProject
Project("{2150E333-8FDC-42A3-9474-1A3956D46DE8}") = "Infrastructure", "Infrastructure", "{4C4D4CF1-1CA2-47F3-9737-AD28EA24A33F}"
EndProject
Project("{FAE04EC0-301F-11D3-BF4B-00C04F79EFBC}") = "SitecoreCoffee.Foundation.Infrastructure", "src\Foundation\Infrastructure\code\SitecoreCoffee.Foundation.Infrastructure.csproj", "{1923D30F-98F1-46F7-8850-E6FC7B08BE97}"
EndProject
Project("{FAE04EC0-301F-11D3-BF4B-00C04F79EFBC}") = "SitecoreCoffee.Feature.Search", "src\Feature\Search\code\SitecoreCoffee.Feature.Search.csproj", "{06411D0E-5638-4D8B-913F-96D86C925382}"
EndProject
Project("{2150E333-8FDC-42A3-9474-1A3956D46DE8}") = "Search", "Search", "{63AEAF28-A6A1-49D9-8B25-929F147C51DA}"
EndProject
Project("{2150E333-8FDC-42A3-9474-1A3956D46DE8}") = "Logging", "Logging", "{C4A623B2-F4DF-4167-89BD-0BD5F333FE40}"
EndProject
Project("{FAE04EC0-301F-11D3-BF4B-00C04F79EFBC}") = "SitecoreCoffee.Foundation.Logging", "src\Foundation\Logging\code\SitecoreCoffee.Foundation.Logging.csproj", "{6D05CEA1-F3C4-4889-B8A7-68FD4A2E5C0F}"
EndProject
Project("{2150E333-8FDC-42A3-9474-1A3956D46DE8}") = "Globalization", "Globalization", "{87BA0AB6-EFAB-4848-86D7-8FD6CFC7BF67}"
EndProject
Project("{FAE04EC0-301F-11D3-BF4B-00C04F79EFBC}") = "SitecoreCoffee.Foundation.Globalization", "src\Foundation\Globalization\code\SitecoreCoffee.Foundation.Globalization.csproj", "{7AF8A221-98D2-4FF5-AF78-1D58F9F6B4B1}"
EndProject
Project("{FAE04EC0-301F-11D3-BF4B-00C04F79EFBC}") = "SitecoreCoffee.Foundation.Globalization.Tests", "src\Foundation\Globalization\tests\SitecoreCoffee.Foundation.Globalization.Tests.csproj", "{10A5CC66-289E-429A-B369-ED2B7A5943CF}"
EndProject
Project("{2150E333-8FDC-42A3-9474-1A3956D46DE8}") = "ORM", "ORM", "{67628F76-1F1C-42B1-B522-F3CF0671B9C5}"
EndProject
Project("{FAE04EC0-301F-11D3-BF4B-00C04F79EFBC}") = "SitecoreCoffee.Foundation.ORM", "src\Foundation\ORM\code\SitecoreCoffee.Foundation.ORM.csproj", "{6AC380E1-7287-4159-A5E7-88BFF38B2CC3}"
EndProject
Project("{2150E333-8FDC-42A3-9474-1A3956D46DE8}") = "Extensions", "Extensions", "{186C4414-9B3C-4E16-B494-F8E5E12F8964}"
EndProject
Project("{FAE04EC0-301F-11D3-BF4B-00C04F79EFBC}") = "SitecoreCoffee.Foundation.Extensions", "src\Foundation\Extensions\code\SitecoreCoffee.Foundation.Extensions.csproj", "{BD5169EF-B8D9-49F2-A50E-AAC59BBD610A}"
EndProject
Project("{FAE04EC0-301F-11D3-BF4B-00C04F79EFBC}") = "SitecoreCoffee.Foundation.Extensions.Tests", "src\Foundation\Extensions\tests\SitecoreCoffee.Foundation.Extensions.Tests.csproj", "{02895601-70B7-4AA2-A122-AA2EEB88A503}"
EndProject
Project("{2150E333-8FDC-42A3-9474-1A3956D46DE8}") = "Metadata", "Metadata", "{219EF1B8-6038-47B1-9C64-88DA96D2A81C}"
EndProject
Project("{FAE04EC0-301F-11D3-BF4B-00C04F79EFBC}") = "SitecoreCoffee.Feature.Metadata", "src\Feature\Metadata\code\SitecoreCoffee.Feature.Metadata.csproj", "{A60874B8-7E4C-4505-9251-13E52F4EEBAF}"
EndProject
Project("{2150E333-8FDC-42A3-9474-1A3956D46DE8}") = "Configuration", "Configuration", "{ECE84E37-1004-43E4-B9F3-F63DC9D3DE9E}"
EndProject
Project("{FAE04EC0-301F-11D3-BF4B-00C04F79EFBC}") = "SitecoreCoffee.Foundation.Configuration", "src\Foundation\Configuration\code\SitecoreCoffee.Foundation.Configuration.csproj", "{0874836E-3D2D-4D0F-ACAB-468CB5A23D9B}"
EndProject
Project("{FAE04EC0-301F-11D3-BF4B-00C04F79EFBC}") = "SitecoreCoffee.Foundation.Configuration.Tests", "src\Foundation\Configuration\tests\SitecoreCoffee.Foundation.Configuration.Tests.csproj", "{EB3C70FB-5798-4A87-8A81-49B4BBEA01AC}"
EndProject
Global
	GlobalSection(SolutionConfigurationPlatforms) = preSolution
		Debug|Any CPU = Debug|Any CPU
		Release|Any CPU = Release|Any CPU
	EndGlobalSection
	GlobalSection(ProjectConfigurationPlatforms) = postSolution
		{E4AF9230-D79B-46B5-8656-43ED1986E1EA}.Debug|Any CPU.ActiveCfg = Debug|Any CPU
		{E4AF9230-D79B-46B5-8656-43ED1986E1EA}.Debug|Any CPU.Build.0 = Debug|Any CPU
		{E4AF9230-D79B-46B5-8656-43ED1986E1EA}.Release|Any CPU.ActiveCfg = Release|Any CPU
		{E4AF9230-D79B-46B5-8656-43ED1986E1EA}.Release|Any CPU.Build.0 = Release|Any CPU
		{50C12BEC-D68A-4E17-8C2E-E3BB2CDE806F}.Debug|Any CPU.ActiveCfg = Debug|Any CPU
		{50C12BEC-D68A-4E17-8C2E-E3BB2CDE806F}.Debug|Any CPU.Build.0 = Debug|Any CPU
		{50C12BEC-D68A-4E17-8C2E-E3BB2CDE806F}.Release|Any CPU.ActiveCfg = Release|Any CPU
		{50C12BEC-D68A-4E17-8C2E-E3BB2CDE806F}.Release|Any CPU.Build.0 = Release|Any CPU
		{DD739713-B8AC-44BD-8EE9-5F9D0D6B4ADB}.Debug|Any CPU.ActiveCfg = Debug|Any CPU
		{DD739713-B8AC-44BD-8EE9-5F9D0D6B4ADB}.Debug|Any CPU.Build.0 = Debug|Any CPU
		{DD739713-B8AC-44BD-8EE9-5F9D0D6B4ADB}.Release|Any CPU.ActiveCfg = Release|Any CPU
		{DD739713-B8AC-44BD-8EE9-5F9D0D6B4ADB}.Release|Any CPU.Build.0 = Release|Any CPU
		{2F2E2BBF-368E-448D-8708-20195884443F}.Debug|Any CPU.ActiveCfg = Debug|Any CPU
		{2F2E2BBF-368E-448D-8708-20195884443F}.Debug|Any CPU.Build.0 = Debug|Any CPU
		{2F2E2BBF-368E-448D-8708-20195884443F}.Release|Any CPU.ActiveCfg = Release|Any CPU
		{2F2E2BBF-368E-448D-8708-20195884443F}.Release|Any CPU.Build.0 = Release|Any CPU
		{FA2DF57B-607A-4C25-B18A-5E8BFD4BA885}.Debug|Any CPU.ActiveCfg = Debug|Any CPU
		{FA2DF57B-607A-4C25-B18A-5E8BFD4BA885}.Debug|Any CPU.Build.0 = Debug|Any CPU
		{FA2DF57B-607A-4C25-B18A-5E8BFD4BA885}.Release|Any CPU.ActiveCfg = Release|Any CPU
		{FA2DF57B-607A-4C25-B18A-5E8BFD4BA885}.Release|Any CPU.Build.0 = Release|Any CPU
		{C0F5B45C-CC84-40C5-8902-747A5EE6AA91}.Debug|Any CPU.ActiveCfg = Debug|Any CPU
		{C0F5B45C-CC84-40C5-8902-747A5EE6AA91}.Debug|Any CPU.Build.0 = Debug|Any CPU
		{C0F5B45C-CC84-40C5-8902-747A5EE6AA91}.Release|Any CPU.ActiveCfg = Release|Any CPU
		{C0F5B45C-CC84-40C5-8902-747A5EE6AA91}.Release|Any CPU.Build.0 = Release|Any CPU
		{B86A9D6C-5F3C-43D8-A3E9-29737A55A11D}.Debug|Any CPU.ActiveCfg = Debug|Any CPU
		{B86A9D6C-5F3C-43D8-A3E9-29737A55A11D}.Debug|Any CPU.Build.0 = Debug|Any CPU
		{B86A9D6C-5F3C-43D8-A3E9-29737A55A11D}.Release|Any CPU.ActiveCfg = Release|Any CPU
		{B86A9D6C-5F3C-43D8-A3E9-29737A55A11D}.Release|Any CPU.Build.0 = Release|Any CPU
		{1EBAAF4C-07D3-4024-9D42-8597412CEAFD}.Debug|Any CPU.ActiveCfg = Debug|Any CPU
		{1EBAAF4C-07D3-4024-9D42-8597412CEAFD}.Debug|Any CPU.Build.0 = Debug|Any CPU
		{1EBAAF4C-07D3-4024-9D42-8597412CEAFD}.Release|Any CPU.ActiveCfg = Release|Any CPU
		{1EBAAF4C-07D3-4024-9D42-8597412CEAFD}.Release|Any CPU.Build.0 = Release|Any CPU
		{0345FB4E-11E2-4067-88E6-6941300EE4E6}.Debug|Any CPU.ActiveCfg = Debug|Any CPU
		{0345FB4E-11E2-4067-88E6-6941300EE4E6}.Debug|Any CPU.Build.0 = Debug|Any CPU
		{0345FB4E-11E2-4067-88E6-6941300EE4E6}.Release|Any CPU.ActiveCfg = Release|Any CPU
		{0345FB4E-11E2-4067-88E6-6941300EE4E6}.Release|Any CPU.Build.0 = Release|Any CPU
		{908C05ED-00A6-4C35-9D0F-BE6A1EE459A0}.Debug|Any CPU.ActiveCfg = Debug|Any CPU
		{908C05ED-00A6-4C35-9D0F-BE6A1EE459A0}.Debug|Any CPU.Build.0 = Debug|Any CPU
		{908C05ED-00A6-4C35-9D0F-BE6A1EE459A0}.Release|Any CPU.ActiveCfg = Release|Any CPU
		{908C05ED-00A6-4C35-9D0F-BE6A1EE459A0}.Release|Any CPU.Build.0 = Release|Any CPU
		{1923D30F-98F1-46F7-8850-E6FC7B08BE97}.Debug|Any CPU.ActiveCfg = Debug|Any CPU
		{1923D30F-98F1-46F7-8850-E6FC7B08BE97}.Debug|Any CPU.Build.0 = Debug|Any CPU
		{1923D30F-98F1-46F7-8850-E6FC7B08BE97}.Release|Any CPU.ActiveCfg = Release|Any CPU
		{1923D30F-98F1-46F7-8850-E6FC7B08BE97}.Release|Any CPU.Build.0 = Release|Any CPU
		{06411D0E-5638-4D8B-913F-96D86C925382}.Debug|Any CPU.ActiveCfg = Debug|Any CPU
		{06411D0E-5638-4D8B-913F-96D86C925382}.Debug|Any CPU.Build.0 = Debug|Any CPU
		{06411D0E-5638-4D8B-913F-96D86C925382}.Release|Any CPU.ActiveCfg = Release|Any CPU
		{06411D0E-5638-4D8B-913F-96D86C925382}.Release|Any CPU.Build.0 = Release|Any CPU
		{6D05CEA1-F3C4-4889-B8A7-68FD4A2E5C0F}.Debug|Any CPU.ActiveCfg = Debug|Any CPU
		{6D05CEA1-F3C4-4889-B8A7-68FD4A2E5C0F}.Debug|Any CPU.Build.0 = Debug|Any CPU
		{6D05CEA1-F3C4-4889-B8A7-68FD4A2E5C0F}.Release|Any CPU.ActiveCfg = Release|Any CPU
		{6D05CEA1-F3C4-4889-B8A7-68FD4A2E5C0F}.Release|Any CPU.Build.0 = Release|Any CPU
		{7AF8A221-98D2-4FF5-AF78-1D58F9F6B4B1}.Debug|Any CPU.ActiveCfg = Debug|Any CPU
		{7AF8A221-98D2-4FF5-AF78-1D58F9F6B4B1}.Debug|Any CPU.Build.0 = Debug|Any CPU
		{7AF8A221-98D2-4FF5-AF78-1D58F9F6B4B1}.Release|Any CPU.ActiveCfg = Release|Any CPU
		{7AF8A221-98D2-4FF5-AF78-1D58F9F6B4B1}.Release|Any CPU.Build.0 = Release|Any CPU
		{10A5CC66-289E-429A-B369-ED2B7A5943CF}.Debug|Any CPU.ActiveCfg = Debug|Any CPU
		{10A5CC66-289E-429A-B369-ED2B7A5943CF}.Debug|Any CPU.Build.0 = Debug|Any CPU
		{10A5CC66-289E-429A-B369-ED2B7A5943CF}.Release|Any CPU.ActiveCfg = Release|Any CPU
		{10A5CC66-289E-429A-B369-ED2B7A5943CF}.Release|Any CPU.Build.0 = Release|Any CPU
		{6AC380E1-7287-4159-A5E7-88BFF38B2CC3}.Debug|Any CPU.ActiveCfg = Debug|Any CPU
		{6AC380E1-7287-4159-A5E7-88BFF38B2CC3}.Debug|Any CPU.Build.0 = Debug|Any CPU
		{6AC380E1-7287-4159-A5E7-88BFF38B2CC3}.Release|Any CPU.ActiveCfg = Release|Any CPU
		{6AC380E1-7287-4159-A5E7-88BFF38B2CC3}.Release|Any CPU.Build.0 = Release|Any CPU
		{BD5169EF-B8D9-49F2-A50E-AAC59BBD610A}.Debug|Any CPU.ActiveCfg = Debug|Any CPU
		{BD5169EF-B8D9-49F2-A50E-AAC59BBD610A}.Debug|Any CPU.Build.0 = Debug|Any CPU
		{BD5169EF-B8D9-49F2-A50E-AAC59BBD610A}.Release|Any CPU.ActiveCfg = Release|Any CPU
		{BD5169EF-B8D9-49F2-A50E-AAC59BBD610A}.Release|Any CPU.Build.0 = Release|Any CPU
		{02895601-70B7-4AA2-A122-AA2EEB88A503}.Debug|Any CPU.ActiveCfg = Debug|Any CPU
		{02895601-70B7-4AA2-A122-AA2EEB88A503}.Debug|Any CPU.Build.0 = Debug|Any CPU
		{02895601-70B7-4AA2-A122-AA2EEB88A503}.Release|Any CPU.ActiveCfg = Release|Any CPU
		{02895601-70B7-4AA2-A122-AA2EEB88A503}.Release|Any CPU.Build.0 = Release|Any CPU
		{A60874B8-7E4C-4505-9251-13E52F4EEBAF}.Debug|Any CPU.ActiveCfg = Debug|Any CPU
		{A60874B8-7E4C-4505-9251-13E52F4EEBAF}.Debug|Any CPU.Build.0 = Debug|Any CPU
		{A60874B8-7E4C-4505-9251-13E52F4EEBAF}.Release|Any CPU.ActiveCfg = Release|Any CPU
		{A60874B8-7E4C-4505-9251-13E52F4EEBAF}.Release|Any CPU.Build.0 = Release|Any CPU
		{0874836E-3D2D-4D0F-ACAB-468CB5A23D9B}.Debug|Any CPU.ActiveCfg = Debug|Any CPU
		{0874836E-3D2D-4D0F-ACAB-468CB5A23D9B}.Debug|Any CPU.Build.0 = Debug|Any CPU
		{0874836E-3D2D-4D0F-ACAB-468CB5A23D9B}.Release|Any CPU.ActiveCfg = Release|Any CPU
		{0874836E-3D2D-4D0F-ACAB-468CB5A23D9B}.Release|Any CPU.Build.0 = Release|Any CPU
		{EB3C70FB-5798-4A87-8A81-49B4BBEA01AC}.Debug|Any CPU.ActiveCfg = Debug|Any CPU
		{EB3C70FB-5798-4A87-8A81-49B4BBEA01AC}.Debug|Any CPU.Build.0 = Debug|Any CPU
		{EB3C70FB-5798-4A87-8A81-49B4BBEA01AC}.Release|Any CPU.ActiveCfg = Release|Any CPU
		{EB3C70FB-5798-4A87-8A81-49B4BBEA01AC}.Release|Any CPU.Build.0 = Release|Any CPU
	EndGlobalSection
	GlobalSection(SolutionProperties) = preSolution
		HideSolutionNode = FALSE
	EndGlobalSection
	GlobalSection(NestedProjects) = preSolution
		{B6FE30FE-DB8A-4147-920F-9AF3FB4B32CA} = {FB68DD27-717D-444C-A48C-10EB1F3C4521}
		{E4AF9230-D79B-46B5-8656-43ED1986E1EA} = {B6FE30FE-DB8A-4147-920F-9AF3FB4B32CA}
		{BAD9B43B-1E9B-42DE-BF9D-4EC49C553427} = {B96DE32E-5D4E-4960-A008-BCE603477D10}
		{50C12BEC-D68A-4E17-8C2E-E3BB2CDE806F} = {BAD9B43B-1E9B-42DE-BF9D-4EC49C553427}
		{24DAC2FA-57EF-4E25-A815-E1B8815A1A3F} = {5697E18F-1B18-464B-876A-F36A9C092387}
		{2E28E3A6-C1F1-4A6B-A642-C109D30FA253} = {FB68DD27-717D-444C-A48C-10EB1F3C4521}
		{DD739713-B8AC-44BD-8EE9-5F9D0D6B4ADB} = {2E28E3A6-C1F1-4A6B-A642-C109D30FA253}
		{C1DD37FD-92D0-4A61-AE70-2E0816605793} = {2BFD7FF4-5AAE-495B-B5A6-528011E6834D}
		{2F2E2BBF-368E-448D-8708-20195884443F} = {C1DD37FD-92D0-4A61-AE70-2E0816605793}
		{674C188E-2E73-46FD-AB84-607FA3F5C46F} = {FB68DD27-717D-444C-A48C-10EB1F3C4521}
		{D1A9F4E4-D16C-4EFF-8900-29FFE174D723} = {2BFD7FF4-5AAE-495B-B5A6-528011E6834D}
		{FA2DF57B-607A-4C25-B18A-5E8BFD4BA885} = {674C188E-2E73-46FD-AB84-607FA3F5C46F}
		{C0F5B45C-CC84-40C5-8902-747A5EE6AA91} = {D1A9F4E4-D16C-4EFF-8900-29FFE174D723}
		{B86A9D6C-5F3C-43D8-A3E9-29737A55A11D} = {674C188E-2E73-46FD-AB84-607FA3F5C46F}
		{BF3E48EB-3AC2-4FA0-9362-77471456D63D} = {B96DE32E-5D4E-4960-A008-BCE603477D10}
		{1EBAAF4C-07D3-4024-9D42-8597412CEAFD} = {BF3E48EB-3AC2-4FA0-9362-77471456D63D}
		{A3023AD8-96DD-4682-84B3-745FE5CF3997} = {2BFD7FF4-5AAE-495B-B5A6-528011E6834D}
		{0345FB4E-11E2-4067-88E6-6941300EE4E6} = {A3023AD8-96DD-4682-84B3-745FE5CF3997}
		{A181EA63-3FD3-4817-9CD1-461C9BFA94BA} = {FB68DD27-717D-444C-A48C-10EB1F3C4521}
		{908C05ED-00A6-4C35-9D0F-BE6A1EE459A0} = {A181EA63-3FD3-4817-9CD1-461C9BFA94BA}
		{4C4D4CF1-1CA2-47F3-9737-AD28EA24A33F} = {FB68DD27-717D-444C-A48C-10EB1F3C4521}
		{1923D30F-98F1-46F7-8850-E6FC7B08BE97} = {4C4D4CF1-1CA2-47F3-9737-AD28EA24A33F}
		{06411D0E-5638-4D8B-913F-96D86C925382} = {63AEAF28-A6A1-49D9-8B25-929F147C51DA}
		{63AEAF28-A6A1-49D9-8B25-929F147C51DA} = {2BFD7FF4-5AAE-495B-B5A6-528011E6834D}
		{C4A623B2-F4DF-4167-89BD-0BD5F333FE40} = {FB68DD27-717D-444C-A48C-10EB1F3C4521}
		{6D05CEA1-F3C4-4889-B8A7-68FD4A2E5C0F} = {C4A623B2-F4DF-4167-89BD-0BD5F333FE40}
		{87BA0AB6-EFAB-4848-86D7-8FD6CFC7BF67} = {FB68DD27-717D-444C-A48C-10EB1F3C4521}
		{7AF8A221-98D2-4FF5-AF78-1D58F9F6B4B1} = {87BA0AB6-EFAB-4848-86D7-8FD6CFC7BF67}
		{10A5CC66-289E-429A-B369-ED2B7A5943CF} = {87BA0AB6-EFAB-4848-86D7-8FD6CFC7BF67}
		{67628F76-1F1C-42B1-B522-F3CF0671B9C5} = {FB68DD27-717D-444C-A48C-10EB1F3C4521}
		{6AC380E1-7287-4159-A5E7-88BFF38B2CC3} = {67628F76-1F1C-42B1-B522-F3CF0671B9C5}
		{186C4414-9B3C-4E16-B494-F8E5E12F8964} = {FB68DD27-717D-444C-A48C-10EB1F3C4521}
		{BD5169EF-B8D9-49F2-A50E-AAC59BBD610A} = {186C4414-9B3C-4E16-B494-F8E5E12F8964}
		{02895601-70B7-4AA2-A122-AA2EEB88A503} = {186C4414-9B3C-4E16-B494-F8E5E12F8964}
		{219EF1B8-6038-47B1-9C64-88DA96D2A81C} = {2BFD7FF4-5AAE-495B-B5A6-528011E6834D}
		{A60874B8-7E4C-4505-9251-13E52F4EEBAF} = {219EF1B8-6038-47B1-9C64-88DA96D2A81C}
		{ECE84E37-1004-43E4-B9F3-F63DC9D3DE9E} = {FB68DD27-717D-444C-A48C-10EB1F3C4521}
		{0874836E-3D2D-4D0F-ACAB-468CB5A23D9B} = {ECE84E37-1004-43E4-B9F3-F63DC9D3DE9E}
		{EB3C70FB-5798-4A87-8A81-49B4BBEA01AC} = {ECE84E37-1004-43E4-B9F3-F63DC9D3DE9E}
	EndGlobalSection
	GlobalSection(ExtensibilityGlobals) = postSolution
		SolutionGuid = {599147B3-A8F9-4A5A-81C3-7E784106BA0E}
	EndGlobalSection
EndGlobal
